
Microsoft Visual Studio Solution File, Format Version 12.00
# Visual Studio Version 17
VisualStudioVersion = 17.9.34714.143
MinimumVisualStudioVersion = 10.0.40219.1
Project("{FAE04EC0-301F-11D3-BF4B-00C04F79EFBC}") = "Kaçan Buton", "Kaçan Buton\Kaçan Buton.csproj", "{BEBFEAD3-9B23-4E9F-B0F2-81D2335D9851}"
EndProject
Global
	GlobalSection(SolutionConfigurationPlatforms) = preSolution
		Debug|Any CPU = Debug|Any CPU
		Release|Any CPU = Release|Any CPU
	EndGlobalSection
	GlobalSection(ProjectConfigurationPlatforms) = postSolution
		{BEBFEAD3-9B23-4E9F-B0F2-81D2335D9851}.Debug|Any CPU.ActiveCfg = Debug|Any CPU
		{BEBFEAD3-9B23-4E9F-B0F2-81D2335D9851}.Debug|Any CPU.Build.0 = Debug|Any CPU
		{BEBFEAD3-9B23-4E9F-B0F2-81D2335D9851}.Release|Any CPU.ActiveCfg = Release|Any CPU
		{BEBFEAD3-9B23-4E9F-B0F2-81D2335D9851}.Release|Any CPU.Build.0 = Release|Any CPU
	EndGlobalSection
	GlobalSection(SolutionProperties) = preSolution
		HideSolutionNode = FALSE
	EndGlobalSection
	GlobalSection(ExtensibilityGlobals) = postSolution
		SolutionGuid = {771FEAE5-89EC-45B8-9141-700A7216AFC1}
	EndGlobalSection
EndGlobal
